
Microsoft Visual Studio Solution File, Format Version 12.00
# Visual Studio 15
VisualStudioVersion = 15.0.28010.2050
MinimumVisualStudioVersion = 10.0.40219.1
Project("{FAE04EC0-301F-11D3-BF4B-00C04F79EFBC}") = "IntroMvc", "IntroMvc\IntroMvc.csproj", "{B69A34BD-AD2E-4996-94A8-64750AE6811F}"
EndProject
Global
	GlobalSection(SolutionConfigurationPlatforms) = preSolution
		Debug|Any CPU = Debug|Any CPU
		Release|Any CPU = Release|Any CPU
	EndGlobalSection
	GlobalSection(ProjectConfigurationPlatforms) = postSolution
		{B69A34BD-AD2E-4996-94A8-64750AE6811F}.Debug|Any CPU.ActiveCfg = Debug|Any CPU
		{B69A34BD-AD2E-4996-94A8-64750AE6811F}.Debug|Any CPU.Build.0 = Debug|Any CPU
		{B69A34BD-AD2E-4996-94A8-64750AE6811F}.Release|Any CPU.ActiveCfg = Release|Any CPU
		{B69A34BD-AD2E-4996-94A8-64750AE6811F}.Release|Any CPU.Build.0 = Release|Any CPU
	EndGlobalSection
	GlobalSection(SolutionProperties) = preSolution
		HideSolutionNode = FALSE
	EndGlobalSection
	GlobalSection(ExtensibilityGlobals) = postSolution
		SolutionGuid = {9A85D86C-16BB-4836-8B3D-3F271B87D265}
	EndGlobalSection
EndGlobal
